
Microsoft Visual Studio Solution File, Format Version 12.00
# Visual Studio Version 17
VisualStudioVersion = 17.5.33530.505
MinimumVisualStudioVersion = 10.0.40219.1
Project("{FAE04EC0-301F-11D3-BF4B-00C04F79EFBC}") = "Server", "Server.csproj", "{C50C4DBB-1E02-406C-972E-7C12473429E9}"
EndProject
Project("{FAE04EC0-301F-11D3-BF4B-00C04F79EFBC}") = "Cliente", "..\Cliente\Cliente.csproj", "{1C556461-BF3F-4EEF-83A0-6140F6F1ADD0}"
EndProject
Project("{2150E333-8FDC-42A3-9474-1A3956D46DE8}") = "Cliente - Servidor", "Cliente - Servidor", "{86DA9F2B-CF06-4A25-AF11-063EC7B0BA85}"
EndProject
Global
	GlobalSection(SolutionConfigurationPlatforms) = preSolution
		Debug|Any CPU = Debug|Any CPU
		Release|Any CPU = Release|Any CPU
	EndGlobalSection
	GlobalSection(ProjectConfigurationPlatforms) = postSolution
		{C50C4DBB-1E02-406C-972E-7C12473429E9}.Debug|Any CPU.ActiveCfg = Debug|Any CPU
		{C50C4DBB-1E02-406C-972E-7C12473429E9}.Debug|Any CPU.Build.0 = Debug|Any CPU
		{C50C4DBB-1E02-406C-972E-7C12473429E9}.Release|Any CPU.ActiveCfg = Release|Any CPU
		{C50C4DBB-1E02-406C-972E-7C12473429E9}.Release|Any CPU.Build.0 = Release|Any CPU
		{1C556461-BF3F-4EEF-83A0-6140F6F1ADD0}.Debug|Any CPU.ActiveCfg = Debug|Any CPU
		{1C556461-BF3F-4EEF-83A0-6140F6F1ADD0}.Debug|Any CPU.Build.0 = Debug|Any CPU
		{1C556461-BF3F-4EEF-83A0-6140F6F1ADD0}.Release|Any CPU.ActiveCfg = Release|Any CPU
		{1C556461-BF3F-4EEF-83A0-6140F6F1ADD0}.Release|Any CPU.Build.0 = Release|Any CPU
	EndGlobalSection
	GlobalSection(SolutionProperties) = preSolution
		HideSolutionNode = FALSE
	EndGlobalSection
	GlobalSection(NestedProjects) = preSolution
		{C50C4DBB-1E02-406C-972E-7C12473429E9} = {86DA9F2B-CF06-4A25-AF11-063EC7B0BA85}
		{1C556461-BF3F-4EEF-83A0-6140F6F1ADD0} = {86DA9F2B-CF06-4A25-AF11-063EC7B0BA85}
	EndGlobalSection
	GlobalSection(ExtensibilityGlobals) = postSolution
		SolutionGuid = {BF2449C0-EE4F-4CB2-BA42-4B884778CBAB}
	EndGlobalSection
EndGlobal
